
Microsoft Visual Studio Solution File, Format Version 12.00
# Visual Studio Version 16
VisualStudioVersion = 16.0.31129.286
MinimumVisualStudioVersion = 10.0.40219.1
Project("{FAE04EC0-301F-11D3-BF4B-00C04F79EFBC}") = "AddressBook", "AddressBook\AddressBook.csproj", "{FB57C708-4B9F-418E-B064-5B33E156D674}"
EndProject
Global
	GlobalSection(SolutionConfigurationPlatforms) = preSolution
		Debug|Any CPU = Debug|Any CPU
		Release|Any CPU = Release|Any CPU
	EndGlobalSection
	GlobalSection(ProjectConfigurationPlatforms) = postSolution
		{FB57C708-4B9F-418E-B064-5B33E156D674}.Debug|Any CPU.ActiveCfg = Debug|Any CPU
		{FB57C708-4B9F-418E-B064-5B33E156D674}.Debug|Any CPU.Build.0 = Debug|Any CPU
		{FB57C708-4B9F-418E-B064-5B33E156D674}.Release|Any CPU.ActiveCfg = Release|Any CPU
		{FB57C708-4B9F-418E-B064-5B33E156D674}.Release|Any CPU.Build.0 = Release|Any CPU
	EndGlobalSection
	GlobalSection(SolutionProperties) = preSolution
		HideSolutionNode = FALSE
	EndGlobalSection
	GlobalSection(ExtensibilityGlobals) = postSolution
		SolutionGuid = {FB26D553-2990-4B91-9BA2-65B175578F76}
	EndGlobalSection
EndGlobal
